
Microsoft Visual Studio Solution File, Format Version 12.00
# Visual Studio Version 16
VisualStudioVersion = 16.0.31019.35
MinimumVisualStudioVersion = 10.0.40219.1
Project("{FAE04EC0-301F-11D3-BF4B-00C04F79EFBC}") = "Chap13App", "Chap13App\Chap13App.csproj", "{DF81C709-8C17-4D68-8D50-DF45CF5B3002}"
EndProject
Project("{9A19103F-16F7-4668-BE54-9A1E7A4F7556}") = "CallbackTestApp", "CallbackTestApp\CallbackTestApp.csproj", "{6B71B559-9CD7-42B0-9A19-EBA173613C9F}"
EndProject
Project("{9A19103F-16F7-4668-BE54-9A1E7A4F7556}") = "DelegateChainApp", "DelegateChainApp\DelegateChainApp.csproj", "{65D72939-ACDB-4B5C-954F-D42EE2A32567}"
EndProject
Project("{FAE04EC0-301F-11D3-BF4B-00C04F79EFBC}") = "DelegateChain2App", "DelegateChain2App\DelegateChain2App.csproj", "{C84F5191-1069-49A0-8D49-BAC01E62440D}"
EndProject
Project("{FAE04EC0-301F-11D3-BF4B-00C04F79EFBC}") = "UsingEventApp", "UsingEventApp\UsingEventApp.csproj", "{77AA4302-8DBE-41F2-B76E-02E299FFB1B3}"
EndProject
Global
	GlobalSection(SolutionConfigurationPlatforms) = preSolution
		Debug|Any CPU = Debug|Any CPU
		Release|Any CPU = Release|Any CPU
	EndGlobalSection
	GlobalSection(ProjectConfigurationPlatforms) = postSolution
		{DF81C709-8C17-4D68-8D50-DF45CF5B3002}.Debug|Any CPU.ActiveCfg = Debug|Any CPU
		{DF81C709-8C17-4D68-8D50-DF45CF5B3002}.Debug|Any CPU.Build.0 = Debug|Any CPU
		{DF81C709-8C17-4D68-8D50-DF45CF5B3002}.Release|Any CPU.ActiveCfg = Release|Any CPU
		{DF81C709-8C17-4D68-8D50-DF45CF5B3002}.Release|Any CPU.Build.0 = Release|Any CPU
		{6B71B559-9CD7-42B0-9A19-EBA173613C9F}.Debug|Any CPU.ActiveCfg = Debug|Any CPU
		{6B71B559-9CD7-42B0-9A19-EBA173613C9F}.Debug|Any CPU.Build.0 = Debug|Any CPU
		{6B71B559-9CD7-42B0-9A19-EBA173613C9F}.Release|Any CPU.ActiveCfg = Release|Any CPU
		{6B71B559-9CD7-42B0-9A19-EBA173613C9F}.Release|Any CPU.Build.0 = Release|Any CPU
		{65D72939-ACDB-4B5C-954F-D42EE2A32567}.Debug|Any CPU.ActiveCfg = Debug|Any CPU
		{65D72939-ACDB-4B5C-954F-D42EE2A32567}.Debug|Any CPU.Build.0 = Debug|Any CPU
		{65D72939-ACDB-4B5C-954F-D42EE2A32567}.Release|Any CPU.ActiveCfg = Release|Any CPU
		{65D72939-ACDB-4B5C-954F-D42EE2A32567}.Release|Any CPU.Build.0 = Release|Any CPU
		{C84F5191-1069-49A0-8D49-BAC01E62440D}.Debug|Any CPU.ActiveCfg = Debug|Any CPU
		{C84F5191-1069-49A0-8D49-BAC01E62440D}.Debug|Any CPU.Build.0 = Debug|Any CPU
		{C84F5191-1069-49A0-8D49-BAC01E62440D}.Release|Any CPU.ActiveCfg = Release|Any CPU
		{C84F5191-1069-49A0-8D49-BAC01E62440D}.Release|Any CPU.Build.0 = Release|Any CPU
		{77AA4302-8DBE-41F2-B76E-02E299FFB1B3}.Debug|Any CPU.ActiveCfg = Debug|Any CPU
		{77AA4302-8DBE-41F2-B76E-02E299FFB1B3}.Debug|Any CPU.Build.0 = Debug|Any CPU
		{77AA4302-8DBE-41F2-B76E-02E299FFB1B3}.Release|Any CPU.ActiveCfg = Release|Any CPU
		{77AA4302-8DBE-41F2-B76E-02E299FFB1B3}.Release|Any CPU.Build.0 = Release|Any CPU
	EndGlobalSection
	GlobalSection(SolutionProperties) = preSolution
		HideSolutionNode = FALSE
	EndGlobalSection
	GlobalSection(ExtensibilityGlobals) = postSolution
		SolutionGuid = {31D3E74D-C3B9-4903-A9F5-FC3620386C36}
	EndGlobalSection
EndGlobal
