
Microsoft Visual Studio Solution File, Format Version 12.00
# Visual Studio Version 16
VisualStudioVersion = 16.0.31005.135
MinimumVisualStudioVersion = 10.0.40219.1
Project("{FAE04EC0-301F-11D3-BF4B-00C04F79EFBC}") = "Chap04App", "Chap04App\Chap04App.csproj", "{FB0FA1D9-C6AC-483B-A4A4-A6B229D08F37}"
EndProject
Project("{FAE04EC0-301F-11D3-BF4B-00C04F79EFBC}") = "IncDecTestApp", "IncDecTestApp\IncDecTestApp.csproj", "{E244BDD8-D716-4020-B6F5-4837D5CE27E4}"
EndProject
Global
	GlobalSection(SolutionConfigurationPlatforms) = preSolution
		Debug|Any CPU = Debug|Any CPU
		Release|Any CPU = Release|Any CPU
	EndGlobalSection
	GlobalSection(ProjectConfigurationPlatforms) = postSolution
		{FB0FA1D9-C6AC-483B-A4A4-A6B229D08F37}.Debug|Any CPU.ActiveCfg = Debug|Any CPU
		{FB0FA1D9-C6AC-483B-A4A4-A6B229D08F37}.Debug|Any CPU.Build.0 = Debug|Any CPU
		{FB0FA1D9-C6AC-483B-A4A4-A6B229D08F37}.Release|Any CPU.ActiveCfg = Release|Any CPU
		{FB0FA1D9-C6AC-483B-A4A4-A6B229D08F37}.Release|Any CPU.Build.0 = Release|Any CPU
		{E244BDD8-D716-4020-B6F5-4837D5CE27E4}.Debug|Any CPU.ActiveCfg = Debug|Any CPU
		{E244BDD8-D716-4020-B6F5-4837D5CE27E4}.Debug|Any CPU.Build.0 = Debug|Any CPU
		{E244BDD8-D716-4020-B6F5-4837D5CE27E4}.Release|Any CPU.ActiveCfg = Release|Any CPU
		{E244BDD8-D716-4020-B6F5-4837D5CE27E4}.Release|Any CPU.Build.0 = Release|Any CPU
	EndGlobalSection
	GlobalSection(SolutionProperties) = preSolution
		HideSolutionNode = FALSE
	EndGlobalSection
	GlobalSection(ExtensibilityGlobals) = postSolution
		SolutionGuid = {C00EE266-A8E4-48FE-AA79-00A9F5A6C3CF}
	EndGlobalSection
EndGlobal
