
Microsoft Visual Studio Solution File, Format Version 12.00
# Visual Studio Version 16
VisualStudioVersion = 16.0.31025.194
MinimumVisualStudioVersion = 10.0.40219.1
Project("{9A19103F-16F7-4668-BE54-9A1E7A4F7556}") = "Chap18App", "Chap18App\Chap18App.csproj", "{6A93E398-4B7B-4BE7-90F7-2C7A9C733C1A}"
EndProject
Project("{FAE04EC0-301F-11D3-BF4B-00C04F79EFBC}") = "StringBuilderApp", "StringBuilderApp\StringBuilderApp.csproj", "{D0B86C9C-D045-4895-B02E-A4E664B44C59}"
EndProject
Project("{FAE04EC0-301F-11D3-BF4B-00C04F79EFBC}") = "DirectoryInfoApp", "DirectoryInfoApp\DirectoryInfoApp.csproj", "{D1A5E64D-7A3C-4331-9A5B-66DF003E1128}"
EndProject
Project("{FAE04EC0-301F-11D3-BF4B-00C04F79EFBC}") = "GenDirFileApp", "GenDirFileApp\GenDirFileApp.csproj", "{DFF7B573-D673-4E36-99E8-62DCC4ED464A}"
EndProject
Project("{FAE04EC0-301F-11D3-BF4B-00C04F79EFBC}") = "TextFileApp", "TextFileApp\TextFileApp.csproj", "{F2F64219-F933-4272-818F-58AD6F83B248}"
EndProject
Global
	GlobalSection(SolutionConfigurationPlatforms) = preSolution
		Debug|Any CPU = Debug|Any CPU
		Release|Any CPU = Release|Any CPU
	EndGlobalSection
	GlobalSection(ProjectConfigurationPlatforms) = postSolution
		{6A93E398-4B7B-4BE7-90F7-2C7A9C733C1A}.Debug|Any CPU.ActiveCfg = Debug|Any CPU
		{6A93E398-4B7B-4BE7-90F7-2C7A9C733C1A}.Debug|Any CPU.Build.0 = Debug|Any CPU
		{6A93E398-4B7B-4BE7-90F7-2C7A9C733C1A}.Release|Any CPU.ActiveCfg = Release|Any CPU
		{6A93E398-4B7B-4BE7-90F7-2C7A9C733C1A}.Release|Any CPU.Build.0 = Release|Any CPU
		{D0B86C9C-D045-4895-B02E-A4E664B44C59}.Debug|Any CPU.ActiveCfg = Debug|Any CPU
		{D0B86C9C-D045-4895-B02E-A4E664B44C59}.Debug|Any CPU.Build.0 = Debug|Any CPU
		{D0B86C9C-D045-4895-B02E-A4E664B44C59}.Release|Any CPU.ActiveCfg = Release|Any CPU
		{D0B86C9C-D045-4895-B02E-A4E664B44C59}.Release|Any CPU.Build.0 = Release|Any CPU
		{D1A5E64D-7A3C-4331-9A5B-66DF003E1128}.Debug|Any CPU.ActiveCfg = Debug|Any CPU
		{D1A5E64D-7A3C-4331-9A5B-66DF003E1128}.Debug|Any CPU.Build.0 = Debug|Any CPU
		{D1A5E64D-7A3C-4331-9A5B-66DF003E1128}.Release|Any CPU.ActiveCfg = Release|Any CPU
		{D1A5E64D-7A3C-4331-9A5B-66DF003E1128}.Release|Any CPU.Build.0 = Release|Any CPU
		{DFF7B573-D673-4E36-99E8-62DCC4ED464A}.Debug|Any CPU.ActiveCfg = Debug|Any CPU
		{DFF7B573-D673-4E36-99E8-62DCC4ED464A}.Debug|Any CPU.Build.0 = Debug|Any CPU
		{DFF7B573-D673-4E36-99E8-62DCC4ED464A}.Release|Any CPU.ActiveCfg = Release|Any CPU
		{DFF7B573-D673-4E36-99E8-62DCC4ED464A}.Release|Any CPU.Build.0 = Release|Any CPU
		{F2F64219-F933-4272-818F-58AD6F83B248}.Debug|Any CPU.ActiveCfg = Debug|Any CPU
		{F2F64219-F933-4272-818F-58AD6F83B248}.Debug|Any CPU.Build.0 = Debug|Any CPU
		{F2F64219-F933-4272-818F-58AD6F83B248}.Release|Any CPU.ActiveCfg = Release|Any CPU
		{F2F64219-F933-4272-818F-58AD6F83B248}.Release|Any CPU.Build.0 = Release|Any CPU
	EndGlobalSection
	GlobalSection(SolutionProperties) = preSolution
		HideSolutionNode = FALSE
	EndGlobalSection
	GlobalSection(ExtensibilityGlobals) = postSolution
		SolutionGuid = {9ED35C8D-081C-435E-9310-7B2E4FC8338E}
	EndGlobalSection
EndGlobal
