
Microsoft Visual Studio Solution File, Format Version 12.00
# Visual Studio Version 16
VisualStudioVersion = 16.0.31019.35
MinimumVisualStudioVersion = 10.0.40219.1
Project("{FAE04EC0-301F-11D3-BF4B-00C04F79EFBC}") = "Chapter10App", "Chapter10\Chapter10App.csproj", "{635D86D9-5340-4CCA-926A-C1E7896736E9}"
EndProject
Project("{FAE04EC0-301F-11D3-BF4B-00C04F79EFBC}") = "2DegreeArrayApp", "2DegreeArrayApp\2DegreeArrayApp.csproj", "{2EB64A88-2DBC-4A9F-AC9D-04F9CF149DC6}"
EndProject
Global
	GlobalSection(SolutionConfigurationPlatforms) = preSolution
		Debug|Any CPU = Debug|Any CPU
		Release|Any CPU = Release|Any CPU
	EndGlobalSection
	GlobalSection(ProjectConfigurationPlatforms) = postSolution
		{635D86D9-5340-4CCA-926A-C1E7896736E9}.Debug|Any CPU.ActiveCfg = Debug|Any CPU
		{635D86D9-5340-4CCA-926A-C1E7896736E9}.Debug|Any CPU.Build.0 = Debug|Any CPU
		{635D86D9-5340-4CCA-926A-C1E7896736E9}.Release|Any CPU.ActiveCfg = Release|Any CPU
		{635D86D9-5340-4CCA-926A-C1E7896736E9}.Release|Any CPU.Build.0 = Release|Any CPU
		{2EB64A88-2DBC-4A9F-AC9D-04F9CF149DC6}.Debug|Any CPU.ActiveCfg = Debug|Any CPU
		{2EB64A88-2DBC-4A9F-AC9D-04F9CF149DC6}.Debug|Any CPU.Build.0 = Debug|Any CPU
		{2EB64A88-2DBC-4A9F-AC9D-04F9CF149DC6}.Release|Any CPU.ActiveCfg = Release|Any CPU
		{2EB64A88-2DBC-4A9F-AC9D-04F9CF149DC6}.Release|Any CPU.Build.0 = Release|Any CPU
	EndGlobalSection
	GlobalSection(SolutionProperties) = preSolution
		HideSolutionNode = FALSE
	EndGlobalSection
	GlobalSection(ExtensibilityGlobals) = postSolution
		SolutionGuid = {03853086-AAF5-4A5A-B48B-AFC1CF7261E5}
	EndGlobalSection
EndGlobal
