
Microsoft Visual Studio Solution File, Format Version 12.00
# Visual Studio Version 16
VisualStudioVersion = 16.0.31025.194
MinimumVisualStudioVersion = 10.0.40219.1
Project("{FAE04EC0-301F-11D3-BF4B-00C04F79EFBC}") = "Chap20APP", "Chap20APP\Chap20APP.csproj", "{EBBB2E63-D4C5-4428-A1EB-9C648481F067}"
EndProject
Project("{FAE04EC0-301F-11D3-BF4B-00C04F79EFBC}") = "ConsoleApp1", "ConsoleApp1\ConsoleApp1.csproj", "{DA784895-1CCD-4415-9B4B-805000759575}"
EndProject
Project("{FAE04EC0-301F-11D3-BF4B-00C04F79EFBC}") = "MyWindowApp", "MyWindowApp\MyWindowApp.csproj", "{8B6CE4B7-FEB9-4D39-AD67-FC8FFACDEFE0}"
EndProject
Project("{FAE04EC0-301F-11D3-BF4B-00C04F79EFBC}") = "UsingControlsApp", "UsingControlsApp\UsingControlsApp.csproj", "{428740DB-B7E3-4C75-82C6-6D3D0EA51728}"
EndProject
Global
	GlobalSection(SolutionConfigurationPlatforms) = preSolution
		Debug|Any CPU = Debug|Any CPU
		Release|Any CPU = Release|Any CPU
	EndGlobalSection
	GlobalSection(ProjectConfigurationPlatforms) = postSolution
		{EBBB2E63-D4C5-4428-A1EB-9C648481F067}.Debug|Any CPU.ActiveCfg = Debug|Any CPU
		{EBBB2E63-D4C5-4428-A1EB-9C648481F067}.Debug|Any CPU.Build.0 = Debug|Any CPU
		{EBBB2E63-D4C5-4428-A1EB-9C648481F067}.Release|Any CPU.ActiveCfg = Release|Any CPU
		{EBBB2E63-D4C5-4428-A1EB-9C648481F067}.Release|Any CPU.Build.0 = Release|Any CPU
		{DA784895-1CCD-4415-9B4B-805000759575}.Debug|Any CPU.ActiveCfg = Debug|Any CPU
		{DA784895-1CCD-4415-9B4B-805000759575}.Debug|Any CPU.Build.0 = Debug|Any CPU
		{DA784895-1CCD-4415-9B4B-805000759575}.Release|Any CPU.ActiveCfg = Release|Any CPU
		{DA784895-1CCD-4415-9B4B-805000759575}.Release|Any CPU.Build.0 = Release|Any CPU
		{8B6CE4B7-FEB9-4D39-AD67-FC8FFACDEFE0}.Debug|Any CPU.ActiveCfg = Debug|Any CPU
		{8B6CE4B7-FEB9-4D39-AD67-FC8FFACDEFE0}.Debug|Any CPU.Build.0 = Debug|Any CPU
		{8B6CE4B7-FEB9-4D39-AD67-FC8FFACDEFE0}.Release|Any CPU.ActiveCfg = Release|Any CPU
		{8B6CE4B7-FEB9-4D39-AD67-FC8FFACDEFE0}.Release|Any CPU.Build.0 = Release|Any CPU
		{428740DB-B7E3-4C75-82C6-6D3D0EA51728}.Debug|Any CPU.ActiveCfg = Debug|Any CPU
		{428740DB-B7E3-4C75-82C6-6D3D0EA51728}.Debug|Any CPU.Build.0 = Debug|Any CPU
		{428740DB-B7E3-4C75-82C6-6D3D0EA51728}.Release|Any CPU.ActiveCfg = Release|Any CPU
		{428740DB-B7E3-4C75-82C6-6D3D0EA51728}.Release|Any CPU.Build.0 = Release|Any CPU
	EndGlobalSection
	GlobalSection(SolutionProperties) = preSolution
		HideSolutionNode = FALSE
	EndGlobalSection
	GlobalSection(ExtensibilityGlobals) = postSolution
		SolutionGuid = {903E7E5A-8D3C-4D7C-8E1C-13FD8F71D38F}
	EndGlobalSection
EndGlobal
