
Microsoft Visual Studio Solution File, Format Version 12.00
# Visual Studio Version 16
VisualStudioVersion = 16.0.31019.35
MinimumVisualStudioVersion = 10.0.40219.1
Project("{FAE04EC0-301F-11D3-BF4B-00C04F79EFBC}") = "Chap11App", "Chap11App\Chap11App.csproj", "{7FA07EC7-CABD-44CB-93F9-56E81BCC2AA8}"
EndProject
Project("{FAE04EC0-301F-11D3-BF4B-00C04F79EFBC}") = "GenericCopyArrayApp", "GenericCopyArrayApp\GenericCopyArrayApp.csproj", "{0B4E56DA-781E-4F6E-B6D4-0F0EE7BD0130}"
EndProject
Project("{FAE04EC0-301F-11D3-BF4B-00C04F79EFBC}") = "GenericClassApp", "GenericClassApp\GenericClassApp.csproj", "{9472857A-E33F-4BB6-947D-E63C3D8F87B7}"
EndProject
Project("{FAE04EC0-301F-11D3-BF4B-00C04F79EFBC}") = "GenericListApp", "GenericListApp\GenericListApp.csproj", "{ADF3E2C0-0CB5-4134-8B4C-E90E64D27C8C}"
EndProject
Project("{FAE04EC0-301F-11D3-BF4B-00C04F79EFBC}") = "DictionaryApp", "DictionaryApp\DictionaryApp.csproj", "{5C48E7C3-19D8-44D4-A065-B3668B7A2CC1}"
EndProject
Global
	GlobalSection(SolutionConfigurationPlatforms) = preSolution
		Debug|Any CPU = Debug|Any CPU
		Release|Any CPU = Release|Any CPU
	EndGlobalSection
	GlobalSection(ProjectConfigurationPlatforms) = postSolution
		{7FA07EC7-CABD-44CB-93F9-56E81BCC2AA8}.Debug|Any CPU.ActiveCfg = Debug|Any CPU
		{7FA07EC7-CABD-44CB-93F9-56E81BCC2AA8}.Debug|Any CPU.Build.0 = Debug|Any CPU
		{7FA07EC7-CABD-44CB-93F9-56E81BCC2AA8}.Release|Any CPU.ActiveCfg = Release|Any CPU
		{7FA07EC7-CABD-44CB-93F9-56E81BCC2AA8}.Release|Any CPU.Build.0 = Release|Any CPU
		{0B4E56DA-781E-4F6E-B6D4-0F0EE7BD0130}.Debug|Any CPU.ActiveCfg = Debug|Any CPU
		{0B4E56DA-781E-4F6E-B6D4-0F0EE7BD0130}.Debug|Any CPU.Build.0 = Debug|Any CPU
		{0B4E56DA-781E-4F6E-B6D4-0F0EE7BD0130}.Release|Any CPU.ActiveCfg = Release|Any CPU
		{0B4E56DA-781E-4F6E-B6D4-0F0EE7BD0130}.Release|Any CPU.Build.0 = Release|Any CPU
		{9472857A-E33F-4BB6-947D-E63C3D8F87B7}.Debug|Any CPU.ActiveCfg = Debug|Any CPU
		{9472857A-E33F-4BB6-947D-E63C3D8F87B7}.Debug|Any CPU.Build.0 = Debug|Any CPU
		{9472857A-E33F-4BB6-947D-E63C3D8F87B7}.Release|Any CPU.ActiveCfg = Release|Any CPU
		{9472857A-E33F-4BB6-947D-E63C3D8F87B7}.Release|Any CPU.Build.0 = Release|Any CPU
		{ADF3E2C0-0CB5-4134-8B4C-E90E64D27C8C}.Debug|Any CPU.ActiveCfg = Debug|Any CPU
		{ADF3E2C0-0CB5-4134-8B4C-E90E64D27C8C}.Debug|Any CPU.Build.0 = Debug|Any CPU
		{ADF3E2C0-0CB5-4134-8B4C-E90E64D27C8C}.Release|Any CPU.ActiveCfg = Release|Any CPU
		{ADF3E2C0-0CB5-4134-8B4C-E90E64D27C8C}.Release|Any CPU.Build.0 = Release|Any CPU
		{5C48E7C3-19D8-44D4-A065-B3668B7A2CC1}.Debug|Any CPU.ActiveCfg = Debug|Any CPU
		{5C48E7C3-19D8-44D4-A065-B3668B7A2CC1}.Debug|Any CPU.Build.0 = Debug|Any CPU
		{5C48E7C3-19D8-44D4-A065-B3668B7A2CC1}.Release|Any CPU.ActiveCfg = Release|Any CPU
		{5C48E7C3-19D8-44D4-A065-B3668B7A2CC1}.Release|Any CPU.Build.0 = Release|Any CPU
	EndGlobalSection
	GlobalSection(SolutionProperties) = preSolution
		HideSolutionNode = FALSE
	EndGlobalSection
	GlobalSection(ExtensibilityGlobals) = postSolution
		SolutionGuid = {D559CF12-8931-40F2-9ED2-C72B8BB5DAAB}
	EndGlobalSection
EndGlobal
