
Microsoft Visual Studio Solution File, Format Version 12.00
# Visual Studio Version 16
VisualStudioVersion = 16.0.31019.35
MinimumVisualStudioVersion = 10.0.40219.1
Project("{FAE04EC0-301F-11D3-BF4B-00C04F79EFBC}") = "Chapter09App", "Chapter09App\Chapter09App.csproj", "{2A5432B7-3B01-4887-8C3B-EBEA1F108BEA}"
EndProject
Project("{FAE04EC0-301F-11D3-BF4B-00C04F79EFBC}") = "PropertyTestApp", "PropertyTestApp\PropertyTestApp.csproj", "{FE6F2DE1-7A9B-40DF-BB80-B75C18804893}"
EndProject
Global
	GlobalSection(SolutionConfigurationPlatforms) = preSolution
		Debug|Any CPU = Debug|Any CPU
		Release|Any CPU = Release|Any CPU
	EndGlobalSection
	GlobalSection(ProjectConfigurationPlatforms) = postSolution
		{2A5432B7-3B01-4887-8C3B-EBEA1F108BEA}.Debug|Any CPU.ActiveCfg = Debug|Any CPU
		{2A5432B7-3B01-4887-8C3B-EBEA1F108BEA}.Debug|Any CPU.Build.0 = Debug|Any CPU
		{2A5432B7-3B01-4887-8C3B-EBEA1F108BEA}.Release|Any CPU.ActiveCfg = Release|Any CPU
		{2A5432B7-3B01-4887-8C3B-EBEA1F108BEA}.Release|Any CPU.Build.0 = Release|Any CPU
		{FE6F2DE1-7A9B-40DF-BB80-B75C18804893}.Debug|Any CPU.ActiveCfg = Debug|Any CPU
		{FE6F2DE1-7A9B-40DF-BB80-B75C18804893}.Debug|Any CPU.Build.0 = Debug|Any CPU
		{FE6F2DE1-7A9B-40DF-BB80-B75C18804893}.Release|Any CPU.ActiveCfg = Release|Any CPU
		{FE6F2DE1-7A9B-40DF-BB80-B75C18804893}.Release|Any CPU.Build.0 = Release|Any CPU
	EndGlobalSection
	GlobalSection(SolutionProperties) = preSolution
		HideSolutionNode = FALSE
	EndGlobalSection
	GlobalSection(ExtensibilityGlobals) = postSolution
		SolutionGuid = {2CB64EF1-5BC4-4CF1-939E-C51AAC00A4E0}
	EndGlobalSection
EndGlobal
