
Microsoft Visual Studio Solution File, Format Version 12.00
# Visual Studio Version 16
VisualStudioVersion = 16.0.31019.35
MinimumVisualStudioVersion = 10.0.40219.1
Project("{FAE04EC0-301F-11D3-BF4B-00C04F79EFBC}") = "Chapter08App", "Chapter08App\Chapter08App.csproj", "{0E4C2866-AC4B-4C62-A617-58061C98A8B1}"
EndProject
Project("{FAE04EC0-301F-11D3-BF4B-00C04F79EFBC}") = "MultiinterfaceApp", "MultiinterfaceApp\MultiinterfaceApp.csproj", "{179A05EF-B9E5-4550-B5C5-00FBED07D395}"
EndProject
Project("{FAE04EC0-301F-11D3-BF4B-00C04F79EFBC}") = "InterfaceTestApp", "InterfaceTestApp\InterfaceTestApp.csproj", "{A089E2E4-D47C-465A-B98B-1109F2AFF528}"
EndProject
Project("{FAE04EC0-301F-11D3-BF4B-00C04F79EFBC}") = "DBConnTestApp", "DBConnTestApp\DBConnTestApp.csproj", "{E171F642-7927-491C-AA05-C9FBAF8B611F}"
EndProject
Project("{FAE04EC0-301F-11D3-BF4B-00C04F79EFBC}") = "LoggerTestApp", "LoggerTestApp\LoggerTestApp.csproj", "{C8ED7FA7-CAD9-49AB-8D1C-4106EA441973}"
EndProject
Global
	GlobalSection(SolutionConfigurationPlatforms) = preSolution
		Debug|Any CPU = Debug|Any CPU
		Release|Any CPU = Release|Any CPU
	EndGlobalSection
	GlobalSection(ProjectConfigurationPlatforms) = postSolution
		{0E4C2866-AC4B-4C62-A617-58061C98A8B1}.Debug|Any CPU.ActiveCfg = Debug|Any CPU
		{0E4C2866-AC4B-4C62-A617-58061C98A8B1}.Debug|Any CPU.Build.0 = Debug|Any CPU
		{0E4C2866-AC4B-4C62-A617-58061C98A8B1}.Release|Any CPU.ActiveCfg = Release|Any CPU
		{0E4C2866-AC4B-4C62-A617-58061C98A8B1}.Release|Any CPU.Build.0 = Release|Any CPU
		{179A05EF-B9E5-4550-B5C5-00FBED07D395}.Debug|Any CPU.ActiveCfg = Debug|Any CPU
		{179A05EF-B9E5-4550-B5C5-00FBED07D395}.Debug|Any CPU.Build.0 = Debug|Any CPU
		{179A05EF-B9E5-4550-B5C5-00FBED07D395}.Release|Any CPU.ActiveCfg = Release|Any CPU
		{179A05EF-B9E5-4550-B5C5-00FBED07D395}.Release|Any CPU.Build.0 = Release|Any CPU
		{A089E2E4-D47C-465A-B98B-1109F2AFF528}.Debug|Any CPU.ActiveCfg = Debug|Any CPU
		{A089E2E4-D47C-465A-B98B-1109F2AFF528}.Debug|Any CPU.Build.0 = Debug|Any CPU
		{A089E2E4-D47C-465A-B98B-1109F2AFF528}.Release|Any CPU.ActiveCfg = Release|Any CPU
		{A089E2E4-D47C-465A-B98B-1109F2AFF528}.Release|Any CPU.Build.0 = Release|Any CPU
		{E171F642-7927-491C-AA05-C9FBAF8B611F}.Debug|Any CPU.ActiveCfg = Debug|Any CPU
		{E171F642-7927-491C-AA05-C9FBAF8B611F}.Debug|Any CPU.Build.0 = Debug|Any CPU
		{E171F642-7927-491C-AA05-C9FBAF8B611F}.Release|Any CPU.ActiveCfg = Release|Any CPU
		{E171F642-7927-491C-AA05-C9FBAF8B611F}.Release|Any CPU.Build.0 = Release|Any CPU
		{C8ED7FA7-CAD9-49AB-8D1C-4106EA441973}.Debug|Any CPU.ActiveCfg = Debug|Any CPU
		{C8ED7FA7-CAD9-49AB-8D1C-4106EA441973}.Debug|Any CPU.Build.0 = Debug|Any CPU
		{C8ED7FA7-CAD9-49AB-8D1C-4106EA441973}.Release|Any CPU.ActiveCfg = Release|Any CPU
		{C8ED7FA7-CAD9-49AB-8D1C-4106EA441973}.Release|Any CPU.Build.0 = Release|Any CPU
	EndGlobalSection
	GlobalSection(SolutionProperties) = preSolution
		HideSolutionNode = FALSE
	EndGlobalSection
	GlobalSection(ExtensibilityGlobals) = postSolution
		SolutionGuid = {76BB9733-B8B5-41E2-8146-3BD4172E6571}
	EndGlobalSection
EndGlobal
